{
    "name": "metwork-tools",
    "version": "0.0.1",
    "lockfileVersion": 1,
    "requires": true,
    "dependencies": {
        "base64url": {
            "version": "3.0.1",
            "resolved": "https://registry.npmjs.org/base64url/-/base64url-3.0.1.tgz",
            "integrity": "sha512-ir1UPr3dkwexU7FdV8qBBbNDRUhMmIekYMFZfi+C/sLNnRESKPl23nB9b2pltqfOQNnGzsDdId90AEtG5tCx4A=="
        }
    }
}
