{
    "name": "metwork-tools",
    "version": "0.0.1",
    "lockfileVersion": 1,
    "requires": true,
    "dependencies": {
        "base64url": {
            "version": "3.0.1",
            "resolved": "https://registry.npmjs.org/base64url/-/base64url-3.0.1.tgz",
            "integrity": "sha512-ir1UPr3dkwexU7FdV8qBBbNDRUhMmIekYMFZfi+C/sLNnRESKPl23nB9b2pltqfOQNnGzsDdId90AEtG5tCx4A=="
        },
        "fs-ext": {
            "version": "1.3.0",
            "resolved": "https://registry.npmjs.org/fs-ext/-/fs-ext-1.3.0.tgz",
            "integrity": "sha512-5vnYjW7wivBliuAF9UKakoponxubTtom81e5usWGUT/i66z+3rPWUkfNnU1dFqGjo3FL3e0Uepk+pdyI08Wn+Q==",
            "requires": {
                "nan": "^2.14.0"
            }
        },
        "nan": {
            "version": "2.14.0",
            "resolved": "https://registry.npmjs.org/nan/-/nan-2.14.0.tgz",
            "integrity": "sha512-INOFj37C7k3AfaNTtX8RhsTw7qRy7eLET14cROi9+5HAVbbHuIWUHEauBv5qT4Av2tWasiTY1Jw6puUNqRJXQg=="
        }
    }
}
